{
    "_readme": [
        "This file locks the dependencies of your project to a known state",
        "Read more about it at https://getcomposer.org/doc/01-basic-usage.md#installing-dependencies",
        "This file is @generated automatically"
    ],
    "content-hash": "2f1d4effeb53bb5b2949c446182631dd",
    "packages": [
        {
            "name": "phenx/php-font-lib",
            "version": "1.0.0",
            "source": {
                "type": "git",
                "url": "https://github.com/dompdf/php-font-lib.git",
                "reference": "991d6a954f6bbd7e41022198f00586b230731441"
            },
            "dist": {
                "type": "zip",
                "url": "https://api.github.com/repos/dompdf/php-font-lib/zipball/991d6a954f6bbd7e41022198f00586b230731441",
                "reference": "991d6a954f6bbd7e41022198f00586b230731441",
                "shasum": ""
            },
            "require": {
                "ext-mbstring": "*",
                "php": "^7.1 || ^8.0"
            },
            "require-dev": {
                "symfony/phpunit-bridge": "^3 || ^4 || ^5 || ^6"
            },
            "type": "library",
            "autoload": {
                "psr-4": {
                    "FontLib\\": "src/FontLib"
                }
            },
            "notification-url": "https://packagist.org/downloads/",
            "license": [
                "LGPL-2.1-or-later"
            ],
            "authors": [
                {
                    "name": "The FontLib Community",
                    "homepage": "https://github.com/dompdf/php-font-lib/blob/master/AUTHORS.md"
                }
            ],
            "description": "A library to read, parse, export and make subsets of different types of font files.",
            "homepage": "https://github.com/dompdf/php-font-lib",
            "support": {
                "issues": "https://github.com/dompdf/php-font-lib/issues",
                "source": "https://github.com/dompdf/php-font-lib/tree/1.0.0"
            },
            "time": "2024-04-29T13:40:38+00:00"
        }
    ],
    "packages-dev": [
        {
            "name": "php-stubs/wordpress-stubs",
            "version": "v6.6.0",
            "source": {
                "type": "git",
                "url": "https://github.com/php-stubs/wordpress-stubs.git",
                "reference": "86e8753e89d59849276dcdd91b9a7dd78bb4abe2"
            },
            "dist": {
                "type": "zip",
                "url": "https://api.github.com/repos/php-stubs/wordpress-stubs/zipball/86e8753e89d59849276dcdd91b9a7dd78bb4abe2",
                "reference": "86e8753e89d59849276dcdd91b9a7dd78bb4abe2",
                "shasum": ""
            },
            "require-dev": {
                "dealerdirect/phpcodesniffer-composer-installer": "^1.0",
                "nikic/php-parser": "^4.13",
                "php": "^7.4 || ^8.0",
                "php-stubs/generator": "^0.8.3",
                "phpdocumentor/reflection-docblock": "^5.4.1",
                "phpstan/phpstan": "^1.10.49",
                "phpunit/phpunit": "^9.5",
                "szepeviktor/phpcs-psr-12-neutron-hybrid-ruleset": "^1.0",
                "wp-coding-standards/wpcs": "3.1.0 as 2.3.0"
            },
            "suggest": {
                "paragonie/sodium_compat": "Pure PHP implementation of libsodium",
                "symfony/polyfill-php80": "Symfony polyfill backporting some PHP 8.0+ features to lower PHP versions",
                "szepeviktor/phpstan-wordpress": "WordPress extensions for PHPStan"
            },
            "type": "library",
            "notification-url": "https://packagist.org/downloads/",
            "license": [
                "MIT"
            ],
            "description": "WordPress function and class declaration stubs for static analysis.",
            "homepage": "https://github.com/php-stubs/wordpress-stubs",
            "keywords": [
                "PHPStan",
                "static analysis",
                "wordpress"
            ],
            "support": {
                "issues": "https://github.com/php-stubs/wordpress-stubs/issues",
                "source": "https://github.com/php-stubs/wordpress-stubs/tree/v6.6.0"
            },
            "time": "2024-07-17T08:50:38+00:00"
        },
        {
            "name": "php-stubs/wp-cli-stubs",
            "version": "v2.10.0",
            "source": {
                "type": "git",
                "url": "https://github.com/php-stubs/wp-cli-stubs.git",
                "reference": "fbd7ff47393c9478e0f557d0b4caadaed20986fb"
            },
            "dist": {
                "type": "zip",
                "url": "https://api.github.com/repos/php-stubs/wp-cli-stubs/zipball/fbd7ff47393c9478e0f557d0b4caadaed20986fb",
                "reference": "fbd7ff47393c9478e0f557d0b4caadaed20986fb",
                "shasum": ""
            },
            "require": {
                "php-stubs/wordpress-stubs": "^4.7 || ^5.0 || ^6.0"
            },
            "require-dev": {
                "php": "~7.3 || ~8.0",
                "php-stubs/generator": "^0.8.0"
            },
            "suggest": {
                "symfony/polyfill-php73": "Symfony polyfill backporting some PHP 7.3+ features to lower PHP versions",
                "szepeviktor/phpstan-wordpress": "WordPress extensions for PHPStan"
            },
            "type": "library",
            "notification-url": "https://packagist.org/downloads/",
            "license": [
                "MIT"
            ],
            "description": "WP-CLI function and class declaration stubs for static analysis.",
            "homepage": "https://github.com/php-stubs/wp-cli-stubs",
            "keywords": [
                "PHPStan",
                "static analysis",
                "wordpress",
                "wp-cli"
            ],
            "support": {
                "issues": "https://github.com/php-stubs/wp-cli-stubs/issues",
                "source": "https://github.com/php-stubs/wp-cli-stubs/tree/v2.10.0"
            },
            "time": "2024-02-09T02:10:10+00:00"
        }
    ],
    "aliases": [],
    "minimum-stability": "stable",
    "stability-flags": [],
    "prefer-stable": false,
    "prefer-lowest": false,
    "platform": {
        "php": ">=8.0"
    },
    "platform-dev": [],
    "plugin-api-version": "2.6.0"
}
